// !$*UTF8*$!
{
	archiveVersion = 1;
	classes = {
	};
	objectVersion = 46;
	objects = {

/* Begin PBXBuildFile section */
		9C0429EC1D2DD40B0023CE1C /* RCTStripePayment.h in CopyFiles */ = {isa = PBXBuildFile; fileRef = 9C0429EB1D2DD40B0023CE1C /* RCTStripePayment.h */; };
		9C0429EE1D2DD40B0023CE1C /* RCTStripePayment.m in Sources */ = {isa = PBXBuildFile; fileRef = 9C0429ED1D2DD40B0023CE1C /* RCTStripePayment.m */; };
		9C0429F71D2DD9D90023CE1C /* StripeAPIClient.m in Sources */ = {isa = PBXBuildFile; fileRef = 9C0429F61D2DD9D90023CE1C /* StripeAPIClient.m */; };
		9C042A001D2E1D4F0023CE1C /* RCTStripePaymentTests.m in Sources */ = {isa = PBXBuildFile; fileRef = 9C0429FF1D2E1D4F0023CE1C /* RCTStripePaymentTests.m */; };
		9C042A021D2E1D4F0023CE1C /* libRCTStripePayment.a in Frameworks */ = {isa = PBXBuildFile; fileRef = 9C0429E81D2DD40B0023CE1C /* libRCTStripePayment.a */; };
		9C778C181D2EA4BD0073DDB1 /* Stripe.framework in Frameworks */ = {isa = PBXBuildFile; fileRef = 9C778C171D2EA4BD0073DDB1 /* Stripe.framework */; };
		9C778C191D2EA4BD0073DDB1 /* Stripe.framework in Frameworks */ = {isa = PBXBuildFile; fileRef = 9C778C171D2EA4BD0073DDB1 /* Stripe.framework */; };
/* End PBXBuildFile section */

/* Begin PBXContainerItemProxy section */
		9C042A031D2E1D4F0023CE1C /* PBXContainerItemProxy */ = {
			isa = PBXContainerItemProxy;
			containerPortal = 9C0429E01D2DD40B0023CE1C /* Project object */;
			proxyType = 1;
			remoteGlobalIDString = 9C0429E71D2DD40B0023CE1C;
			remoteInfo = RCTStripePayment;
		};
/* End PBXContainerItemProxy section */

/* Begin PBXCopyFilesBuildPhase section */
		9C0429E61D2DD40B0023CE1C /* CopyFiles */ = {
			isa = PBXCopyFilesBuildPhase;
			buildActionMask = 2147483647;
			dstPath = "include/$(PRODUCT_NAME)";
			dstSubfolderSpec = 16;
			files = (
				9C0429EC1D2DD40B0023CE1C /* RCTStripePayment.h in CopyFiles */,
			);
			runOnlyForDeploymentPostprocessing = 0;
		};
/* End PBXCopyFilesBuildPhase section */

/* Begin PBXFileReference section */
		9C0429E81D2DD40B0023CE1C /* libRCTStripePayment.a */ = {isa = PBXFileReference; explicitFileType = archive.ar; includeInIndex = 0; path = libRCTStripePayment.a; sourceTree = BUILT_PRODUCTS_DIR; };
		9C0429EB1D2DD40B0023CE1C /* RCTStripePayment.h */ = {isa = PBXFileReference; lastKnownFileType = sourcecode.c.h; path = RCTStripePayment.h; sourceTree = "<group>"; };
		9C0429ED1D2DD40B0023CE1C /* RCTStripePayment.m */ = {isa = PBXFileReference; lastKnownFileType = sourcecode.c.objc; path = RCTStripePayment.m; sourceTree = "<group>"; };
		9C0429F61D2DD9D90023CE1C /* StripeAPIClient.m */ = {isa = PBXFileReference; fileEncoding = 4; lastKnownFileType = sourcecode.c.objc; path = StripeAPIClient.m; sourceTree = "<group>"; };
		9C0429F81D2DDA000023CE1C /* StripeAPIClient.h */ = {isa = PBXFileReference; fileEncoding = 4; lastKnownFileType = sourcecode.c.h; path = StripeAPIClient.h; sourceTree = "<group>"; };
		9C0429FD1D2E1D4F0023CE1C /* RCTStripePaymentTests.xctest */ = {isa = PBXFileReference; explicitFileType = wrapper.cfbundle; includeInIndex = 0; path = RCTStripePaymentTests.xctest; sourceTree = BUILT_PRODUCTS_DIR; };
		9C0429FF1D2E1D4F0023CE1C /* RCTStripePaymentTests.m */ = {isa = PBXFileReference; lastKnownFileType = sourcecode.c.objc; path = RCTStripePaymentTests.m; sourceTree = "<group>"; };
		9C042A011D2E1D4F0023CE1C /* Info.plist */ = {isa = PBXFileReference; lastKnownFileType = text.plist.xml; path = Info.plist; sourceTree = "<group>"; };
		9C778C171D2EA4BD0073DDB1 /* Stripe.framework */ = {isa = PBXFileReference; lastKnownFileType = wrapper.framework; path = Stripe.framework; sourceTree = "<group>"; };
/* End PBXFileReference section */

/* Begin PBXFrameworksBuildPhase section */
		9C0429E51D2DD40B0023CE1C /* Frameworks */ = {
			isa = PBXFrameworksBuildPhase;
			buildActionMask = 2147483647;
			files = (
				9C778C181D2EA4BD0073DDB1 /* Stripe.framework in Frameworks */,
			);
			runOnlyForDeploymentPostprocessing = 0;
		};
		9C0429FA1D2E1D4F0023CE1C /* Frameworks */ = {
			isa = PBXFrameworksBuildPhase;
			buildActionMask = 2147483647;
			files = (
				9C042A021D2E1D4F0023CE1C /* libRCTStripePayment.a in Frameworks */,
				9C778C191D2EA4BD0073DDB1 /* Stripe.framework in Frameworks */,
			);
			runOnlyForDeploymentPostprocessing = 0;
		};
/* End PBXFrameworksBuildPhase section */

/* Begin PBXGroup section */
		9C0429DF1D2DD40B0023CE1C = {
			isa = PBXGroup;
			children = (
				9C0429EA1D2DD40B0023CE1C /* RCTStripePayment */,
				9C0429FE1D2E1D4F0023CE1C /* RCTStripePaymentTests */,
				9C0429E91D2DD40B0023CE1C /* Products */,
				9C778C171D2EA4BD0073DDB1 /* Stripe.framework */,
			);
			sourceTree = "<group>";
		};
		9C0429E91D2DD40B0023CE1C /* Products */ = {
			isa = PBXGroup;
			children = (
				9C0429E81D2DD40B0023CE1C /* libRCTStripePayment.a */,
				9C0429FD1D2E1D4F0023CE1C /* RCTStripePaymentTests.xctest */,
			);
			name = Products;
			sourceTree = "<group>";
		};
		9C0429EA1D2DD40B0023CE1C /* RCTStripePayment */ = {
			isa = PBXGroup;
			children = (
				9C0429EB1D2DD40B0023CE1C /* RCTStripePayment.h */,
				9C0429ED1D2DD40B0023CE1C /* RCTStripePayment.m */,
				9C0429F81D2DDA000023CE1C /* StripeAPIClient.h */,
				9C0429F61D2DD9D90023CE1C /* StripeAPIClient.m */,
			);
			path = RCTStripePayment;
			sourceTree = "<group>";
		};
		9C0429FE1D2E1D4F0023CE1C /* RCTStripePaymentTests */ = {
			isa = PBXGroup;
			children = (
				9C0429FF1D2E1D4F0023CE1C /* RCTStripePaymentTests.m */,
				9C042A011D2E1D4F0023CE1C /* Info.plist */,
			);
			path = RCTStripePaymentTests;
			sourceTree = "<group>";
		};
/* End PBXGroup section */

/* Begin PBXNativeTarget section */
		9C0429E71D2DD40B0023CE1C /* RCTStripePayment */ = {
			isa = PBXNativeTarget;
			buildConfigurationList = 9C0429F11D2DD40B0023CE1C /* Build configuration list for PBXNativeTarget "RCTStripePayment" */;
			buildPhases = (
				9C0429E41D2DD40B0023CE1C /* Sources */,
				9C0429E51D2DD40B0023CE1C /* Frameworks */,
				9C0429E61D2DD40B0023CE1C /* CopyFiles */,
			);
			buildRules = (
			);
			dependencies = (
			);
			name = RCTStripePayment;
			productName = RCTStripePayment;
			productReference = 9C0429E81D2DD40B0023CE1C /* libRCTStripePayment.a */;
			productType = "com.apple.product-type.library.static";
		};
		9C0429FC1D2E1D4F0023CE1C /* RCTStripePaymentTests */ = {
			isa = PBXNativeTarget;
			buildConfigurationList = 9C042A051D2E1D4F0023CE1C /* Build configuration list for PBXNativeTarget "RCTStripePaymentTests" */;
			buildPhases = (
				9C0429F91D2E1D4F0023CE1C /* Sources */,
				9C0429FA1D2E1D4F0023CE1C /* Frameworks */,
				9C0429FB1D2E1D4F0023CE1C /* Resources */,
			);
			buildRules = (
			);
			dependencies = (
				9C042A041D2E1D4F0023CE1C /* PBXTargetDependency */,
			);
			name = RCTStripePaymentTests;
			productName = RCTStripePaymentTests;
			productReference = 9C0429FD1D2E1D4F0023CE1C /* RCTStripePaymentTests.xctest */;
			productType = "com.apple.product-type.bundle.unit-test";
		};
/* End PBXNativeTarget section */

/* Begin PBXProject section */
		9C0429E01D2DD40B0023CE1C /* Project object */ = {
			isa = PBXProject;
			attributes = {
				LastUpgradeCheck = 0730;
				ORGANIZATIONNAME = "Guangcheng Wei";
				TargetAttributes = {
					9C0429E71D2DD40B0023CE1C = {
						CreatedOnToolsVersion = 7.3.1;
					};
					9C0429FC1D2E1D4F0023CE1C = {
						CreatedOnToolsVersion = 7.3.1;
					};
				};
			};
			buildConfigurationList = 9C0429E31D2DD40B0023CE1C /* Build configuration list for PBXProject "RCTStripePayment" */;
			compatibilityVersion = "Xcode 3.2";
			developmentRegion = English;
			hasScannedForEncodings = 0;
			knownRegions = (
				en,
			);
			mainGroup = 9C0429DF1D2DD40B0023CE1C;
			productRefGroup = 9C0429E91D2DD40B0023CE1C /* Products */;
			projectDirPath = "";
			projectRoot = "";
			targets = (
				9C0429E71D2DD40B0023CE1C /* RCTStripePayment */,
				9C0429FC1D2E1D4F0023CE1C /* RCTStripePaymentTests */,
			);
		};
/* End PBXProject section */

/* Begin PBXResourcesBuildPhase section */
		9C0429FB1D2E1D4F0023CE1C /* Resources */ = {
			isa = PBXResourcesBuildPhase;
			buildActionMask = 2147483647;
			files = (
			);
			runOnlyForDeploymentPostprocessing = 0;
		};
/* End PBXResourcesBuildPhase section */

/* Begin PBXSourcesBuildPhase section */
		9C0429E41D2DD40B0023CE1C /* Sources */ = {
			isa = PBXSourcesBuildPhase;
			buildActionMask = 2147483647;
			files = (
				9C0429F71D2DD9D90023CE1C /* StripeAPIClient.m in Sources */,
				9C0429EE1D2DD40B0023CE1C /* RCTStripePayment.m in Sources */,
			);
			runOnlyForDeploymentPostprocessing = 0;
		};
		9C0429F91D2E1D4F0023CE1C /* Sources */ = {
			isa = PBXSourcesBuildPhase;
			buildActionMask = 2147483647;
			files = (
				9C042A001D2E1D4F0023CE1C /* RCTStripePaymentTests.m in Sources */,
			);
			runOnlyForDeploymentPostprocessing = 0;
		};
/* End PBXSourcesBuildPhase section */

/* Begin PBXTargetDependency section */
		9C042A041D2E1D4F0023CE1C /* PBXTargetDependency */ = {
			isa = PBXTargetDependency;
			target = 9C0429E71D2DD40B0023CE1C /* RCTStripePayment */;
			targetProxy = 9C042A031D2E1D4F0023CE1C /* PBXContainerItemProxy */;
		};
/* End PBXTargetDependency section */

/* Begin XCBuildConfiguration section */
		9C0429EF1D2DD40B0023CE1C /* Debug */ = {
			isa = XCBuildConfiguration;
			buildSettings = {
				ALWAYS_SEARCH_USER_PATHS = NO;
				CLANG_ANALYZER_NONNULL = YES;
				CLANG_CXX_LANGUAGE_STANDARD = "gnu++0x";
				CLANG_CXX_LIBRARY = "libc++";
				CLANG_ENABLE_MODULES = YES;
				CLANG_ENABLE_OBJC_ARC = YES;
				CLANG_WARN_BOOL_CONVERSION = YES;
				CLANG_WARN_CONSTANT_CONVERSION = YES;
				CLANG_WARN_DIRECT_OBJC_ISA_USAGE = YES_ERROR;
				CLANG_WARN_EMPTY_BODY = YES;
				CLANG_WARN_ENUM_CONVERSION = YES;
				CLANG_WARN_INT_CONVERSION = YES;
				CLANG_WARN_OBJC_ROOT_CLASS = YES_ERROR;
				CLANG_WARN_UNREACHABLE_CODE = YES;
				CLANG_WARN__DUPLICATE_METHOD_MATCH = YES;
				"CODE_SIGN_IDENTITY[sdk=iphoneos*]" = "iPhone Developer";
				COPY_PHASE_STRIP = NO;
				DEBUG_INFORMATION_FORMAT = dwarf;
				ENABLE_STRICT_OBJC_MSGSEND = YES;
				ENABLE_TESTABILITY = YES;
				GCC_C_LANGUAGE_STANDARD = gnu99;
				GCC_DYNAMIC_NO_PIC = NO;
				GCC_NO_COMMON_BLOCKS = YES;
				GCC_OPTIMIZATION_LEVEL = 0;
				GCC_PREPROCESSOR_DEFINITIONS = (
					"DEBUG=1",
					"$(inherited)",
				);
				GCC_WARN_64_TO_32_BIT_CONVERSION = YES;
				GCC_WARN_ABOUT_RETURN_TYPE = YES_ERROR;
				GCC_WARN_UNDECLARED_SELECTOR = YES;
				GCC_WARN_UNINITIALIZED_AUTOS = YES_AGGRESSIVE;
				GCC_WARN_UNUSED_FUNCTION = YES;
				GCC_WARN_UNUSED_VARIABLE = YES;
				IPHONEOS_DEPLOYMENT_TARGET = 6.0;
				MTL_ENABLE_DEBUG_INFO = YES;
				ONLY_ACTIVE_ARCH = YES;
				SDKROOT = iphoneos;
			};
			name = Debug;
		};
		9C0429F01D2DD40B0023CE1C /* Release */ = {
			isa = XCBuildConfiguration;
			buildSettings = {
				ALWAYS_SEARCH_USER_PATHS = NO;
				CLANG_ANALYZER_NONNULL = YES;
				CLANG_CXX_LANGUAGE_STANDARD = "gnu++0x";
				CLANG_CXX_LIBRARY = "libc++";
				CLANG_ENABLE_MODULES = YES;
				CLANG_ENABLE_OBJC_ARC = YES;
				CLANG_WARN_BOOL_CONVERSION = YES;
				CLANG_WARN_CONSTANT_CONVERSION = YES;
				CLANG_WARN_DIRECT_OBJC_ISA_USAGE = YES_ERROR;
				CLANG_WARN_EMPTY_BODY = YES;
				CLANG_WARN_ENUM_CONVERSION = YES;
				CLANG_WARN_INT_CONVERSION = YES;
				CLANG_WARN_OBJC_ROOT_CLASS = YES_ERROR;
				CLANG_WARN_UNREACHABLE_CODE = YES;
				CLANG_WARN__DUPLICATE_METHOD_MATCH = YES;
				"CODE_SIGN_IDENTITY[sdk=iphoneos*]" = "iPhone Developer";
				COPY_PHASE_STRIP = NO;
				DEBUG_INFORMATION_FORMAT = "dwarf-with-dsym";
				ENABLE_NS_ASSERTIONS = NO;
				ENABLE_STRICT_OBJC_MSGSEND = YES;
				GCC_C_LANGUAGE_STANDARD = gnu99;
				GCC_NO_COMMON_BLOCKS = YES;
				GCC_WARN_64_TO_32_BIT_CONVERSION = YES;
				GCC_WARN_ABOUT_RETURN_TYPE = YES_ERROR;
				GCC_WARN_UNDECLARED_SELECTOR = YES;
				GCC_WARN_UNINITIALIZED_AUTOS = YES_AGGRESSIVE;
				GCC_WARN_UNUSED_FUNCTION = YES;
				GCC_WARN_UNUSED_VARIABLE = YES;
				IPHONEOS_DEPLOYMENT_TARGET = 6.0;
				MTL_ENABLE_DEBUG_INFO = NO;
				SDKROOT = iphoneos;
				VALIDATE_PRODUCT = YES;
			};
			name = Release;
		};
		9C0429F21D2DD40B0023CE1C /* Debug */ = {
			isa = XCBuildConfiguration;
			buildSettings = {
				ARCHS = "32-bits";
				FRAMEWORK_SEARCH_PATHS = (
					"$(inherited)",
					"$(PROJECT_DIR)/RCTStripePayment/Carthage/Build/iOS",
					"$(PROJECT_DIR)/Carthage/Build/iOS",
					"$(PROJECT_DIR)",
				);
				HEADER_SEARCH_PATHS = "$(SRCROOT)/../node_modules/react-native/React/**";
				OTHER_LDFLAGS = "-ObjC";
				PRODUCT_NAME = "$(TARGET_NAME)";
				SKIP_INSTALL = YES;
			};
			name = Debug;
		};
		9C0429F31D2DD40B0023CE1C /* Release */ = {
			isa = XCBuildConfiguration;
			buildSettings = {
				ARCHS = "32-bits";
				FRAMEWORK_SEARCH_PATHS = (
					"$(inherited)",
					"$(PROJECT_DIR)/RCTStripePayment/Carthage/Build/iOS",
					"$(PROJECT_DIR)/Carthage/Build/iOS",
					"$(PROJECT_DIR)",
				);
				HEADER_SEARCH_PATHS = "$(SRCROOT)/../node_modules/react-native/React/**";
				OTHER_LDFLAGS = "-ObjC";
				PRODUCT_NAME = "$(TARGET_NAME)";
				SKIP_INSTALL = YES;
			};
			name = Release;
		};
		9C042A061D2E1D4F0023CE1C /* Debug */ = {
			isa = XCBuildConfiguration;
			buildSettings = {
				ARCHS = "32-bit";
				FRAMEWORK_SEARCH_PATHS = (
					"$(inherited)",
					"$(PROJECT_DIR)/Carthage/Build/iOS",
					"$(PROJECT_DIR)",
				);
				INFOPLIST_FILE = RCTStripePaymentTests/Info.plist;
				LD_RUNPATH_SEARCH_PATHS = "$(inherited) @executable_path/Frameworks @loader_path/Frameworks";
				PRODUCT_BUNDLE_IDENTIFIER = io.liaoyuan.RCTStripePaymentTests;
				PRODUCT_NAME = "$(TARGET_NAME)";
			};
			name = Debug;
		};
		9C042A071D2E1D4F0023CE1C /* Release */ = {
			isa = XCBuildConfiguration;
			buildSettings = {
				ARCHS = "32-bit";
				FRAMEWORK_SEARCH_PATHS = (
					"$(inherited)",
					"$(PROJECT_DIR)/Carthage/Build/iOS",
					"$(PROJECT_DIR)",
				);
				INFOPLIST_FILE = RCTStripePaymentTests/Info.plist;
				LD_RUNPATH_SEARCH_PATHS = "$(inherited) @executable_path/Frameworks @loader_path/Frameworks";
				PRODUCT_BUNDLE_IDENTIFIER = io.liaoyuan.RCTStripePaymentTests;
				PRODUCT_NAME = "$(TARGET_NAME)";
			};
			name = Release;
		};
/* End XCBuildConfiguration section */

/* Begin XCConfigurationList section */
		9C0429E31D2DD40B0023CE1C /* Build configuration list for PBXProject "RCTStripePayment" */ = {
			isa = XCConfigurationList;
			buildConfigurations = (
				9C0429EF1D2DD40B0023CE1C /* Debug */,
				9C0429F01D2DD40B0023CE1C /* Release */,
			);
			defaultConfigurationIsVisible = 0;
			defaultConfigurationName = Release;
		};
		9C0429F11D2DD40B0023CE1C /* Build configuration list for PBXNativeTarget "RCTStripePayment" */ = {
			isa = XCConfigurationList;
			buildConfigurations = (
				9C0429F21D2DD40B0023CE1C /* Debug */,
				9C0429F31D2DD40B0023CE1C /* Release */,
			);
			defaultConfigurationIsVisible = 0;
			defaultConfigurationName = Release;
		};
		9C042A051D2E1D4F0023CE1C /* Build configuration list for PBXNativeTarget "RCTStripePaymentTests" */ = {
			isa = XCConfigurationList;
			buildConfigurations = (
				9C042A061D2E1D4F0023CE1C /* Debug */,
				9C042A071D2E1D4F0023CE1C /* Release */,
			);
			defaultConfigurationIsVisible = 0;
			defaultConfigurationName = Release;
		};
/* End XCConfigurationList section */
	};
	rootObject = 9C0429E01D2DD40B0023CE1C /* Project object */;
}
